
Microsoft Visual Studio Solution File, Format Version 12.00
# Visual Studio Version 17
VisualStudioVersion = 17.8.34408.163
MinimumVisualStudioVersion = 10.0.40219.1
Project("{FAE04EC0-301F-11D3-BF4B-00C04F79EFBC}") = "Menu-QRCode", "Menu-QRCode\Menu-QRCode.csproj", "{0580F73F-37AF-4DA4-A663-82DAD6621FD0}"
EndProject
Project("{FAE04EC0-301F-11D3-BF4B-00C04F79EFBC}") = "DataLayer", "DataLayer\DataLayer.csproj", "{FAD54E49-9D22-4C8E-8A55-BEF6181D7B1C}"
EndProject
Global
	GlobalSection(SolutionConfigurationPlatforms) = preSolution
		Debug|Any CPU = Debug|Any CPU
		Release|Any CPU = Release|Any CPU
	EndGlobalSection
	GlobalSection(ProjectConfigurationPlatforms) = postSolution
		{0580F73F-37AF-4DA4-A663-82DAD6621FD0}.Debug|Any CPU.ActiveCfg = Debug|Any CPU
		{0580F73F-37AF-4DA4-A663-82DAD6621FD0}.Debug|Any CPU.Build.0 = Debug|Any CPU
		{0580F73F-37AF-4DA4-A663-82DAD6621FD0}.Release|Any CPU.ActiveCfg = Release|Any CPU
		{0580F73F-37AF-4DA4-A663-82DAD6621FD0}.Release|Any CPU.Build.0 = Release|Any CPU
		{FAD54E49-9D22-4C8E-8A55-BEF6181D7B1C}.Debug|Any CPU.ActiveCfg = Debug|Any CPU
		{FAD54E49-9D22-4C8E-8A55-BEF6181D7B1C}.Debug|Any CPU.Build.0 = Debug|Any CPU
		{FAD54E49-9D22-4C8E-8A55-BEF6181D7B1C}.Release|Any CPU.ActiveCfg = Release|Any CPU
		{FAD54E49-9D22-4C8E-8A55-BEF6181D7B1C}.Release|Any CPU.Build.0 = Release|Any CPU
	EndGlobalSection
	GlobalSection(SolutionProperties) = preSolution
		HideSolutionNode = FALSE
	EndGlobalSection
	GlobalSection(ExtensibilityGlobals) = postSolution
		SolutionGuid = {34D0B83C-E61C-4779-A760-B861505C11E0}
	EndGlobalSection
EndGlobal
